
Microsoft Visual Studio Solution File, Format Version 12.00
# Visual Studio Version 16
VisualStudioVersion = 16.0.31515.178
MinimumVisualStudioVersion = 10.0.40219.1
Project("{FAE04EC0-301F-11D3-BF4B-00C04F79EFBC}") = "WowFovChanger", "WowFovChanger\WowFovChanger.csproj", "{877EDBC4-BEF5-4365-BD45-1728B58656B5}"
EndProject
Global
	GlobalSection(SolutionConfigurationPlatforms) = preSolution
		Debug|Any CPU = Debug|Any CPU
		Release|Any CPU = Release|Any CPU
	EndGlobalSection
	GlobalSection(ProjectConfigurationPlatforms) = postSolution
		{877EDBC4-BEF5-4365-BD45-1728B58656B5}.Debug|Any CPU.ActiveCfg = Debug|Any CPU
		{877EDBC4-BEF5-4365-BD45-1728B58656B5}.Debug|Any CPU.Build.0 = Debug|Any CPU
		{877EDBC4-BEF5-4365-BD45-1728B58656B5}.Release|Any CPU.ActiveCfg = Release|Any CPU
		{877EDBC4-BEF5-4365-BD45-1728B58656B5}.Release|Any CPU.Build.0 = Release|Any CPU
	EndGlobalSection
	GlobalSection(SolutionProperties) = preSolution
		HideSolutionNode = FALSE
	EndGlobalSection
	GlobalSection(ExtensibilityGlobals) = postSolution
		SolutionGuid = {FA1E9379-6508-496D-A635-96E83AA4CE5D}
	EndGlobalSection
EndGlobal
